
Microsoft Visual Studio Solution File, Format Version 12.00
# Visual Studio Version 16
VisualStudioVersion = 16.0.33529.622
MinimumVisualStudioVersion = 10.0.40219.1
Project("{FAE04EC0-301F-11D3-BF4B-00C04F79EFBC}") = "converting_ID_to_Html", "converting_ID_to_Html\converting_ID_to_Html.csproj", "{FDD8842B-963E-40E3-B905-DD31908FA9BF}"
EndProject
Global
	GlobalSection(SolutionConfigurationPlatforms) = preSolution
		Debug|Any CPU = Debug|Any CPU
		Release|Any CPU = Release|Any CPU
	EndGlobalSection
	GlobalSection(ProjectConfigurationPlatforms) = postSolution
		{FDD8842B-963E-40E3-B905-DD31908FA9BF}.Debug|Any CPU.ActiveCfg = Debug|Any CPU
		{FDD8842B-963E-40E3-B905-DD31908FA9BF}.Debug|Any CPU.Build.0 = Debug|Any CPU
		{FDD8842B-963E-40E3-B905-DD31908FA9BF}.Release|Any CPU.ActiveCfg = Release|Any CPU
		{FDD8842B-963E-40E3-B905-DD31908FA9BF}.Release|Any CPU.Build.0 = Release|Any CPU
	EndGlobalSection
	GlobalSection(SolutionProperties) = preSolution
		HideSolutionNode = FALSE
	EndGlobalSection
	GlobalSection(ExtensibilityGlobals) = postSolution
		SolutionGuid = {2319F850-A4B5-4FB8-854C-A5C02EAA2634}
	EndGlobalSection
EndGlobal
